// !$*UTF8*$!
{
	archiveVersion = 1;
	classes = {
	};
	objectVersion = 46;
	objects = {

/* Begin PBXBuildFile section */
		3C115ED51C670F990022F59B /* main.m in Sources */ = {isa = PBXBuildFile; fileRef = 3C115ED41C670F990022F59B /* main.m */; };
		3C115ED81C670F990022F59B /* AppDelegate.m in Sources */ = {isa = PBXBuildFile; fileRef = 3C115ED71C670F990022F59B /* AppDelegate.m */; };
		3C115EDE1C670F990022F59B /* Main.storyboard in Resources */ = {isa = PBXBuildFile; fileRef = 3C115EDC1C670F990022F59B /* Main.storyboard */; };
		3C115EE01C670F990022F59B /* Assets.xcassets in Resources */ = {isa = PBXBuildFile; fileRef = 3C115EDF1C670F990022F59B /* Assets.xcassets */; };
		3C115EE31C670F990022F59B /* LaunchScreen.storyboard in Resources */ = {isa = PBXBuildFile; fileRef = 3C115EE11C670F990022F59B /* LaunchScreen.storyboard */; };
		3C115EEE1C670F990022F59B /* ______Tests.m in Sources */ = {isa = PBXBuildFile; fileRef = 3C115EED1C670F990022F59B /* ______Tests.m */; };
		3C115EF91C670F990022F59B /* ______UITests.m in Sources */ = {isa = PBXBuildFile; fileRef = 3C115EF81C670F990022F59B /* ______UITests.m */; };
		3C115F081C67100D0022F59B /* GZYHomeViewController.m in Sources */ = {isa = PBXBuildFile; fileRef = 3C115F071C67100D0022F59B /* GZYHomeViewController.m */; };
/* End PBXBuildFile section */

/* Begin PBXContainerItemProxy section */
		3C115EEA1C670F990022F59B /* PBXContainerItemProxy */ = {
			isa = PBXContainerItemProxy;
			containerPortal = 3C115EC81C670F990022F59B /* Project object */;
			proxyType = 1;
			remoteGlobalIDString = 3C115ECF1C670F990022F59B;
			remoteInfo = "网易新闻首页";
		};
		3C115EF51C670F990022F59B /* PBXContainerItemProxy */ = {
			isa = PBXContainerItemProxy;
			containerPortal = 3C115EC81C670F990022F59B /* Project object */;
			proxyType = 1;
			remoteGlobalIDString = 3C115ECF1C670F990022F59B;
			remoteInfo = "网易新闻首页";
		};
/* End PBXContainerItemProxy section */

/* Begin PBXFileReference section */
		3C115ED01C670F990022F59B /* 网易新闻首页.app */ = {isa = PBXFileReference; explicitFileType = wrapper.application; includeInIndex = 0; path = "网易新闻首页.app"; sourceTree = BUILT_PRODUCTS_DIR; };
		3C115ED41C670F990022F59B /* main.m */ = {isa = PBXFileReference; lastKnownFileType = sourcecode.c.objc; path = main.m; sourceTree = "<group>"; };
		3C115ED61C670F990022F59B /* AppDelegate.h */ = {isa = PBXFileReference; lastKnownFileType = sourcecode.c.h; path = AppDelegate.h; sourceTree = "<group>"; };
		3C115ED71C670F990022F59B /* AppDelegate.m */ = {isa = PBXFileReference; lastKnownFileType = sourcecode.c.objc; path = AppDelegate.m; sourceTree = "<group>"; };
		3C115EDD1C670F990022F59B /* Base */ = {isa = PBXFileReference; lastKnownFileType = file.storyboard; name = Base; path = Base.lproj/Main.storyboard; sourceTree = "<group>"; };
		3C115EDF1C670F990022F59B /* Assets.xcassets */ = {isa = PBXFileReference; lastKnownFileType = folder.assetcatalog; path = Assets.xcassets; sourceTree = "<group>"; };
		3C115EE21C670F990022F59B /* Base */ = {isa = PBXFileReference; lastKnownFileType = file.storyboard; name = Base; path = Base.lproj/LaunchScreen.storyboard; sourceTree = "<group>"; };
		3C115EE41C670F990022F59B /* Info.plist */ = {isa = PBXFileReference; lastKnownFileType = text.plist.xml; path = Info.plist; sourceTree = "<group>"; };
		3C115EE91C670F990022F59B /* 网易新闻首页Tests.xctest */ = {isa = PBXFileReference; explicitFileType = wrapper.cfbundle; includeInIndex = 0; path = "网易新闻首页Tests.xctest"; sourceTree = BUILT_PRODUCTS_DIR; };
		3C115EED1C670F990022F59B /* ______Tests.m */ = {isa = PBXFileReference; lastKnownFileType = sourcecode.c.objc; path = "______Tests.m"; sourceTree = "<group>"; };
		3C115EEF1C670F990022F59B /* Info.plist */ = {isa = PBXFileReference; lastKnownFileType = text.plist.xml; path = Info.plist; sourceTree = "<group>"; };
		3C115EF41C670F990022F59B /* 网易新闻首页UITests.xctest */ = {isa = PBXFileReference; explicitFileType = wrapper.cfbundle; includeInIndex = 0; path = "网易新闻首页UITests.xctest"; sourceTree = BUILT_PRODUCTS_DIR; };
		3C115EF81C670F990022F59B /* ______UITests.m */ = {isa = PBXFileReference; lastKnownFileType = sourcecode.c.objc; path = "______UITests.m"; sourceTree = "<group>"; };
		3C115EFA1C670F990022F59B /* Info.plist */ = {isa = PBXFileReference; lastKnownFileType = text.plist.xml; path = Info.plist; sourceTree = "<group>"; };
		3C115F061C67100D0022F59B /* GZYHomeViewController.h */ = {isa = PBXFileReference; fileEncoding = 4; lastKnownFileType = sourcecode.c.h; path = GZYHomeViewController.h; sourceTree = "<group>"; };
		3C115F071C67100D0022F59B /* GZYHomeViewController.m */ = {isa = PBXFileReference; fileEncoding = 4; lastKnownFileType = sourcecode.c.objc; path = GZYHomeViewController.m; sourceTree = "<group>"; };
/* End PBXFileReference section */

/* Begin PBXFrameworksBuildPhase section */
		3C115ECD1C670F990022F59B /* Frameworks */ = {
			isa = PBXFrameworksBuildPhase;
			buildActionMask = 2147483647;
			files = (
			);
			runOnlyForDeploymentPostprocessing = 0;
		};
		3C115EE61C670F990022F59B /* Frameworks */ = {
			isa = PBXFrameworksBuildPhase;
			buildActionMask = 2147483647;
			files = (
			);
			runOnlyForDeploymentPostprocessing = 0;
		};
		3C115EF11C670F990022F59B /* Frameworks */ = {
			isa = PBXFrameworksBuildPhase;
			buildActionMask = 2147483647;
			files = (
			);
			runOnlyForDeploymentPostprocessing = 0;
		};
/* End PBXFrameworksBuildPhase section */

/* Begin PBXGroup section */
		3C115EC71C670F990022F59B = {
			isa = PBXGroup;
			children = (
				3C115ED21C670F990022F59B /* 网易新闻首页 */,
				3C115EEC1C670F990022F59B /* 网易新闻首页Tests */,
				3C115EF71C670F990022F59B /* 网易新闻首页UITests */,
				3C115ED11C670F990022F59B /* Products */,
			);
			sourceTree = "<group>";
		};
		3C115ED11C670F990022F59B /* Products */ = {
			isa = PBXGroup;
			children = (
				3C115ED01C670F990022F59B /* 网易新闻首页.app */,
				3C115EE91C670F990022F59B /* 网易新闻首页Tests.xctest */,
				3C115EF41C670F990022F59B /* 网易新闻首页UITests.xctest */,
			);
			name = Products;
			sourceTree = "<group>";
		};
		3C115ED21C670F990022F59B /* 网易新闻首页 */ = {
			isa = PBXGroup;
			children = (
				3C115ED61C670F990022F59B /* AppDelegate.h */,
				3C115ED71C670F990022F59B /* AppDelegate.m */,
				3C115F061C67100D0022F59B /* GZYHomeViewController.h */,
				3C115F071C67100D0022F59B /* GZYHomeViewController.m */,
				3C115EDC1C670F990022F59B /* Main.storyboard */,
				3C115EDF1C670F990022F59B /* Assets.xcassets */,
				3C115EE11C670F990022F59B /* LaunchScreen.storyboard */,
				3C115EE41C670F990022F59B /* Info.plist */,
				3C115ED31C670F990022F59B /* Supporting Files */,
			);
			path = "网易新闻首页";
			sourceTree = "<group>";
		};
		3C115ED31C670F990022F59B /* Supporting Files */ = {
			isa = PBXGroup;
			children = (
				3C115ED41C670F990022F59B /* main.m */,
			);
			name = "Supporting Files";
			sourceTree = "<group>";
		};
		3C115EEC1C670F990022F59B /* 网易新闻首页Tests */ = {
			isa = PBXGroup;
			children = (
				3C115EED1C670F990022F59B /* ______Tests.m */,
				3C115EEF1C670F990022F59B /* Info.plist */,
			);
			path = "网易新闻首页Tests";
			sourceTree = "<group>";
		};
		3C115EF71C670F990022F59B /* 网易新闻首页UITests */ = {
			isa = PBXGroup;
			children = (
				3C115EF81C670F990022F59B /* ______UITests.m */,
				3C115EFA1C670F990022F59B /* Info.plist */,
			);
			path = "网易新闻首页UITests";
			sourceTree = "<group>";
		};
/* End PBXGroup section */

/* Begin PBXNativeTarget section */
		3C115ECF1C670F990022F59B /* 网易新闻首页 */ = {
			isa = PBXNativeTarget;
			buildConfigurationList = 3C115EFD1C670F990022F59B /* Build configuration list for PBXNativeTarget "网易新闻首页" */;
			buildPhases = (
				3C115ECC1C670F990022F59B /* Sources */,
				3C115ECD1C670F990022F59B /* Frameworks */,
				3C115ECE1C670F990022F59B /* Resources */,
			);
			buildRules = (
			);
			dependencies = (
			);
			name = "网易新闻首页";
			productName = "网易新闻首页";
			productReference = 3C115ED01C670F990022F59B /* 网易新闻首页.app */;
			productType = "com.apple.product-type.application";
		};
		3C115EE81C670F990022F59B /* 网易新闻首页Tests */ = {
			isa = PBXNativeTarget;
			buildConfigurationList = 3C115F001C670F990022F59B /* Build configuration list for PBXNativeTarget "网易新闻首页Tests" */;
			buildPhases = (
				3C115EE51C670F990022F59B /* Sources */,
				3C115EE61C670F990022F59B /* Frameworks */,
				3C115EE71C670F990022F59B /* Resources */,
			);
			buildRules = (
			);
			dependencies = (
				3C115EEB1C670F990022F59B /* PBXTargetDependency */,
			);
			name = "网易新闻首页Tests";
			productName = "网易新闻首页Tests";
			productReference = 3C115EE91C670F990022F59B /* 网易新闻首页Tests.xctest */;
			productType = "com.apple.product-type.bundle.unit-test";
		};
		3C115EF31C670F990022F59B /* 网易新闻首页UITests */ = {
			isa = PBXNativeTarget;
			buildConfigurationList = 3C115F031C670F990022F59B /* Build configuration list for PBXNativeTarget "网易新闻首页UITests" */;
			buildPhases = (
				3C115EF01C670F990022F59B /* Sources */,
				3C115EF11C670F990022F59B /* Frameworks */,
				3C115EF21C670F990022F59B /* Resources */,
			);
			buildRules = (
			);
			dependencies = (
				3C115EF61C670F990022F59B /* PBXTargetDependency */,
			);
			name = "网易新闻首页UITests";
			productName = "网易新闻首页UITests";
			productReference = 3C115EF41C670F990022F59B /* 网易新闻首页UITests.xctest */;
			productType = "com.apple.product-type.bundle.ui-testing";
		};
/* End PBXNativeTarget section */

/* Begin PBXProject section */
		3C115EC81C670F990022F59B /* Project object */ = {
			isa = PBXProject;
			attributes = {
				CLASSPREFIX = GZY;
				LastUpgradeCheck = 0720;
				ORGANIZATIONNAME = "高志宇";
				TargetAttributes = {
					3C115ECF1C670F990022F59B = {
						CreatedOnToolsVersion = 7.2;
					};
					3C115EE81C670F990022F59B = {
						CreatedOnToolsVersion = 7.2;
						TestTargetID = 3C115ECF1C670F990022F59B;
					};
					3C115EF31C670F990022F59B = {
						CreatedOnToolsVersion = 7.2;
						TestTargetID = 3C115ECF1C670F990022F59B;
					};
				};
			};
			buildConfigurationList = 3C115ECB1C670F990022F59B /* Build configuration list for PBXProject "网易新闻首页" */;
			compatibilityVersion = "Xcode 3.2";
			developmentRegion = English;
			hasScannedForEncodings = 0;
			knownRegions = (
				en,
				Base,
			);
			mainGroup = 3C115EC71C670F990022F59B;
			productRefGroup = 3C115ED11C670F990022F59B /* Products */;
			projectDirPath = "";
			projectRoot = "";
			targets = (
				3C115ECF1C670F990022F59B /* 网易新闻首页 */,
				3C115EE81C670F990022F59B /* 网易新闻首页Tests */,
				3C115EF31C670F990022F59B /* 网易新闻首页UITests */,
			);
		};
/* End PBXProject section */

/* Begin PBXResourcesBuildPhase section */
		3C115ECE1C670F990022F59B /* Resources */ = {
			isa = PBXResourcesBuildPhase;
			buildActionMask = 2147483647;
			files = (
				3C115EE31C670F990022F59B /* LaunchScreen.storyboard in Resources */,
				3C115EE01C670F990022F59B /* Assets.xcassets in Resources */,
				3C115EDE1C670F990022F59B /* Main.storyboard in Resources */,
			);
			runOnlyForDeploymentPostprocessing = 0;
		};
		3C115EE71C670F990022F59B /* Resources */ = {
			isa = PBXResourcesBuildPhase;
			buildActionMask = 2147483647;
			files = (
			);
			runOnlyForDeploymentPostprocessing = 0;
		};
		3C115EF21C670F990022F59B /* Resources */ = {
			isa = PBXResourcesBuildPhase;
			buildActionMask = 2147483647;
			files = (
			);
			runOnlyForDeploymentPostprocessing = 0;
		};
/* End PBXResourcesBuildPhase section */

/* Begin PBXSourcesBuildPhase section */
		3C115ECC1C670F990022F59B /* Sources */ = {
			isa = PBXSourcesBuildPhase;
			buildActionMask = 2147483647;
			files = (
				3C115ED81C670F990022F59B /* AppDelegate.m in Sources */,
				3C115F081C67100D0022F59B /* GZYHomeViewController.m in Sources */,
				3C115ED51C670F990022F59B /* main.m in Sources */,
			);
			runOnlyForDeploymentPostprocessing = 0;
		};
		3C115EE51C670F990022F59B /* Sources */ = {
			isa = PBXSourcesBuildPhase;
			buildActionMask = 2147483647;
			files = (
				3C115EEE1C670F990022F59B /* ______Tests.m in Sources */,
			);
			runOnlyForDeploymentPostprocessing = 0;
		};
		3C115EF01C670F990022F59B /* Sources */ = {
			isa = PBXSourcesBuildPhase;
			buildActionMask = 2147483647;
			files = (
				3C115EF91C670F990022F59B /* ______UITests.m in Sources */,
			);
			runOnlyForDeploymentPostprocessing = 0;
		};
/* End PBXSourcesBuildPhase section */

/* Begin PBXTargetDependency section */
		3C115EEB1C670F990022F59B /* PBXTargetDependency */ = {
			isa = PBXTargetDependency;
			target = 3C115ECF1C670F990022F59B /* 网易新闻首页 */;
			targetProxy = 3C115EEA1C670F990022F59B /* PBXContainerItemProxy */;
		};
		3C115EF61C670F990022F59B /* PBXTargetDependency */ = {
			isa = PBXTargetDependency;
			target = 3C115ECF1C670F990022F59B /* 网易新闻首页 */;
			targetProxy = 3C115EF51C670F990022F59B /* PBXContainerItemProxy */;
		};
/* End PBXTargetDependency section */

/* Begin PBXVariantGroup section */
		3C115EDC1C670F990022F59B /* Main.storyboard */ = {
			isa = PBXVariantGroup;
			children = (
				3C115EDD1C670F990022F59B /* Base */,
			);
			name = Main.storyboard;
			sourceTree = "<group>";
		};
		3C115EE11C670F990022F59B /* LaunchScreen.storyboard */ = {
			isa = PBXVariantGroup;
			children = (
				3C115EE21C670F990022F59B /* Base */,
			);
			name = LaunchScreen.storyboard;
			sourceTree = "<group>";
		};
/* End PBXVariantGroup section */

/* Begin XCBuildConfiguration section */
		3C115EFB1C670F990022F59B /* Debug */ = {
			isa = XCBuildConfiguration;
			buildSettings = {
				ALWAYS_SEARCH_USER_PATHS = NO;
				CLANG_CXX_LANGUAGE_STANDARD = "gnu++0x";
				CLANG_CXX_LIBRARY = "libc++";
				CLANG_ENABLE_MODULES = YES;
				CLANG_ENABLE_OBJC_ARC = YES;
				CLANG_WARN_BOOL_CONVERSION = YES;
				CLANG_WARN_CONSTANT_CONVERSION = YES;
				CLANG_WARN_DIRECT_OBJC_ISA_USAGE = YES_ERROR;
				CLANG_WARN_EMPTY_BODY = YES;
				CLANG_WARN_ENUM_CONVERSION = YES;
				CLANG_WARN_INT_CONVERSION = YES;
				CLANG_WARN_OBJC_ROOT_CLASS = YES_ERROR;
				CLANG_WARN_UNREACHABLE_CODE = YES;
				CLANG_WARN__DUPLICATE_METHOD_MATCH = YES;
				"CODE_SIGN_IDENTITY[sdk=iphoneos*]" = "iPhone Developer";
				COPY_PHASE_STRIP = NO;
				DEBUG_INFORMATION_FORMAT = dwarf;
				ENABLE_STRICT_OBJC_MSGSEND = YES;
				ENABLE_TESTABILITY = YES;
				GCC_C_LANGUAGE_STANDARD = gnu99;
				GCC_DYNAMIC_NO_PIC = NO;
				GCC_NO_COMMON_BLOCKS = YES;
				GCC_OPTIMIZATION_LEVEL = 0;
				GCC_PREPROCESSOR_DEFINITIONS = (
					"DEBUG=1",
					"$(inherited)",
				);
				GCC_WARN_64_TO_32_BIT_CONVERSION = YES;
				GCC_WARN_ABOUT_RETURN_TYPE = YES_ERROR;
				GCC_WARN_UNDECLARED_SELECTOR = YES;
				GCC_WARN_UNINITIALIZED_AUTOS = YES_AGGRESSIVE;
				GCC_WARN_UNUSED_FUNCTION = YES;
				GCC_WARN_UNUSED_VARIABLE = YES;
				IPHONEOS_DEPLOYMENT_TARGET = 9.2;
				MTL_ENABLE_DEBUG_INFO = YES;
				ONLY_ACTIVE_ARCH = YES;
				SDKROOT = iphoneos;
				TARGETED_DEVICE_FAMILY = "1,2";
			};
			name = Debug;
		};
		3C115EFC1C670F990022F59B /* Release */ = {
			isa = XCBuildConfiguration;
			buildSettings = {
				ALWAYS_SEARCH_USER_PATHS = NO;
				CLANG_CXX_LANGUAGE_STANDARD = "gnu++0x";
				CLANG_CXX_LIBRARY = "libc++";
				CLANG_ENABLE_MODULES = YES;
				CLANG_ENABLE_OBJC_ARC = YES;
				CLANG_WARN_BOOL_CONVERSION = YES;
				CLANG_WARN_CONSTANT_CONVERSION = YES;
				CLANG_WARN_DIRECT_OBJC_ISA_USAGE = YES_ERROR;
				CLANG_WARN_EMPTY_BODY = YES;
				CLANG_WARN_ENUM_CONVERSION = YES;
				CLANG_WARN_INT_CONVERSION = YES;
				CLANG_WARN_OBJC_ROOT_CLASS = YES_ERROR;
				CLANG_WARN_UNREACHABLE_CODE = YES;
				CLANG_WARN__DUPLICATE_METHOD_MATCH = YES;
				"CODE_SIGN_IDENTITY[sdk=iphoneos*]" = "iPhone Developer";
				COPY_PHASE_STRIP = NO;
				DEBUG_INFORMATION_FORMAT = "dwarf-with-dsym";
				ENABLE_NS_ASSERTIONS = NO;
				ENABLE_STRICT_OBJC_MSGSEND = YES;
				GCC_C_LANGUAGE_STANDARD = gnu99;
				GCC_NO_COMMON_BLOCKS = YES;
				GCC_WARN_64_TO_32_BIT_CONVERSION = YES;
				GCC_WARN_ABOUT_RETURN_TYPE = YES_ERROR;
				GCC_WARN_UNDECLARED_SELECTOR = YES;
				GCC_WARN_UNINITIALIZED_AUTOS = YES_AGGRESSIVE;
				GCC_WARN_UNUSED_FUNCTION = YES;
				GCC_WARN_UNUSED_VARIABLE = YES;
				IPHONEOS_DEPLOYMENT_TARGET = 9.2;
				MTL_ENABLE_DEBUG_INFO = NO;
				SDKROOT = iphoneos;
				TARGETED_DEVICE_FAMILY = "1,2";
				VALIDATE_PRODUCT = YES;
			};
			name = Release;
		};
		3C115EFE1C670F990022F59B /* Debug */ = {
			isa = XCBuildConfiguration;
			buildSettings = {
				ASSETCATALOG_COMPILER_APPICON_NAME = AppIcon;
				INFOPLIST_FILE = "网易新闻首页/Info.plist";
				LD_RUNPATH_SEARCH_PATHS = "$(inherited) @executable_path/Frameworks";
				PRODUCT_BUNDLE_IDENTIFIER = "moonhome.------";
				PRODUCT_NAME = "$(TARGET_NAME)";
			};
			name = Debug;
		};
		3C115EFF1C670F990022F59B /* Release */ = {
			isa = XCBuildConfiguration;
			buildSettings = {
				ASSETCATALOG_COMPILER_APPICON_NAME = AppIcon;
				INFOPLIST_FILE = "网易新闻首页/Info.plist";
				LD_RUNPATH_SEARCH_PATHS = "$(inherited) @executable_path/Frameworks";
				PRODUCT_BUNDLE_IDENTIFIER = "moonhome.------";
				PRODUCT_NAME = "$(TARGET_NAME)";
			};
			name = Release;
		};
		3C115F011C670F990022F59B /* Debug */ = {
			isa = XCBuildConfiguration;
			buildSettings = {
				BUNDLE_LOADER = "$(TEST_HOST)";
				INFOPLIST_FILE = "网易新闻首页Tests/Info.plist";
				LD_RUNPATH_SEARCH_PATHS = "$(inherited) @executable_path/Frameworks @loader_path/Frameworks";
				PRODUCT_BUNDLE_IDENTIFIER = "moonhome.------Tests";
				PRODUCT_NAME = "$(TARGET_NAME)";
				TEST_HOST = "$(BUILT_PRODUCTS_DIR)/网易新闻首页.app/网易新闻首页";
			};
			name = Debug;
		};
		3C115F021C670F990022F59B /* Release */ = {
			isa = XCBuildConfiguration;
			buildSettings = {
				BUNDLE_LOADER = "$(TEST_HOST)";
				INFOPLIST_FILE = "网易新闻首页Tests/Info.plist";
				LD_RUNPATH_SEARCH_PATHS = "$(inherited) @executable_path/Frameworks @loader_path/Frameworks";
				PRODUCT_BUNDLE_IDENTIFIER = "moonhome.------Tests";
				PRODUCT_NAME = "$(TARGET_NAME)";
				TEST_HOST = "$(BUILT_PRODUCTS_DIR)/网易新闻首页.app/网易新闻首页";
			};
			name = Release;
		};
		3C115F041C670F990022F59B /* Debug */ = {
			isa = XCBuildConfiguration;
			buildSettings = {
				INFOPLIST_FILE = "网易新闻首页UITests/Info.plist";
				LD_RUNPATH_SEARCH_PATHS = "$(inherited) @executable_path/Frameworks @loader_path/Frameworks";
				PRODUCT_BUNDLE_IDENTIFIER = "moonhome.------UITests";
				PRODUCT_NAME = "$(TARGET_NAME)";
				TEST_TARGET_NAME = "网易新闻首页";
				USES_XCTRUNNER = YES;
			};
			name = Debug;
		};
		3C115F051C670F990022F59B /* Release */ = {
			isa = XCBuildConfiguration;
			buildSettings = {
				INFOPLIST_FILE = "网易新闻首页UITests/Info.plist";
				LD_RUNPATH_SEARCH_PATHS = "$(inherited) @executable_path/Frameworks @loader_path/Frameworks";
				PRODUCT_BUNDLE_IDENTIFIER = "moonhome.------UITests";
				PRODUCT_NAME = "$(TARGET_NAME)";
				TEST_TARGET_NAME = "网易新闻首页";
				USES_XCTRUNNER = YES;
			};
			name = Release;
		};
/* End XCBuildConfiguration section */

/* Begin XCConfigurationList section */
		3C115ECB1C670F990022F59B /* Build configuration list for PBXProject "网易新闻首页" */ = {
			isa = XCConfigurationList;
			buildConfigurations = (
				3C115EFB1C670F990022F59B /* Debug */,
				3C115EFC1C670F990022F59B /* Release */,
			);
			defaultConfigurationIsVisible = 0;
			defaultConfigurationName = Release;
		};
		3C115EFD1C670F990022F59B /* Build configuration list for PBXNativeTarget "网易新闻首页" */ = {
			isa = XCConfigurationList;
			buildConfigurations = (
				3C115EFE1C670F990022F59B /* Debug */,
				3C115EFF1C670F990022F59B /* Release */,
			);
			defaultConfigurationIsVisible = 0;
		};
		3C115F001C670F990022F59B /* Build configuration list for PBXNativeTarget "网易新闻首页Tests" */ = {
			isa = XCConfigurationList;
			buildConfigurations = (
				3C115F011C670F990022F59B /* Debug */,
				3C115F021C670F990022F59B /* Release */,
			);
			defaultConfigurationIsVisible = 0;
		};
		3C115F031C670F990022F59B /* Build configuration list for PBXNativeTarget "网易新闻首页UITests" */ = {
			isa = XCConfigurationList;
			buildConfigurations = (
				3C115F041C670F990022F59B /* Debug */,
				3C115F051C670F990022F59B /* Release */,
			);
			defaultConfigurationIsVisible = 0;
		};
/* End XCConfigurationList section */
	};
	rootObject = 3C115EC81C670F990022F59B /* Project object */;
}
